// !$*UTF8*$!
{
	archiveVersion = 1;
	classes = {
	};
	objectVersion = 46;
	objects = {

/* Begin PBXBuildFile section */
		848AA7D11E84627E0067637A /* AppDelegate.swift in Sources */ = {isa = PBXBuildFile; fileRef = 848AA7D01E84627E0067637A /* AppDelegate.swift */; };
		848AA7D31E84627E0067637A /* ViewController.swift in Sources */ = {isa = PBXBuildFile; fileRef = 848AA7D21E84627E0067637A /* ViewController.swift */; };
		848AA7D61E84627E0067637A /* Main.storyboard in Resources */ = {isa = PBXBuildFile; fileRef = 848AA7D41E84627E0067637A /* Main.storyboard */; };
		848AA7D81E84627E0067637A /* Assets.xcassets in Resources */ = {isa = PBXBuildFile; fileRef = 848AA7D71E84627E0067637A /* Assets.xcassets */; };
		848AA7DB1E84627E0067637A /* LaunchScreen.storyboard in Resources */ = {isa = PBXBuildFile; fileRef = 848AA7D91E84627E0067637A /* LaunchScreen.storyboard */; };
		848AA7E61E84627E0067637A /* radioTests.swift in Sources */ = {isa = PBXBuildFile; fileRef = 848AA7E51E84627E0067637A /* radioTests.swift */; };
		848AA7F11E84627E0067637A /* radioUITests.swift in Sources */ = {isa = PBXBuildFile; fileRef = 848AA7F01E84627E0067637A /* radioUITests.swift */; };
		848AA8001E8465760067637A /* AVFoundation.framework in Frameworks */ = {isa = PBXBuildFile; fileRef = 848AA7FF1E8465760067637A /* AVFoundation.framework */; };
		848AA8021E8467E00067637A /* RadioPlayer.swift in Sources */ = {isa = PBXBuildFile; fileRef = 848AA8011E8467E00067637A /* RadioPlayer.swift */; };
/* End PBXBuildFile section */

/* Begin PBXContainerItemProxy section */
		848AA7E21E84627E0067637A /* PBXContainerItemProxy */ = {
			isa = PBXContainerItemProxy;
			containerPortal = 848AA7C51E84627D0067637A /* Project object */;
			proxyType = 1;
			remoteGlobalIDString = 848AA7CC1E84627D0067637A;
			remoteInfo = radio;
		};
		848AA7ED1E84627E0067637A /* PBXContainerItemProxy */ = {
			isa = PBXContainerItemProxy;
			containerPortal = 848AA7C51E84627D0067637A /* Project object */;
			proxyType = 1;
			remoteGlobalIDString = 848AA7CC1E84627D0067637A;
			remoteInfo = radio;
		};
/* End PBXContainerItemProxy section */

/* Begin PBXFileReference section */
		848AA7CD1E84627E0067637A /* radio.app */ = {isa = PBXFileReference; explicitFileType = wrapper.application; includeInIndex = 0; path = radio.app; sourceTree = BUILT_PRODUCTS_DIR; };
		848AA7D01E84627E0067637A /* AppDelegate.swift */ = {isa = PBXFileReference; lastKnownFileType = sourcecode.swift; path = AppDelegate.swift; sourceTree = "<group>"; };
		848AA7D21E84627E0067637A /* ViewController.swift */ = {isa = PBXFileReference; lastKnownFileType = sourcecode.swift; path = ViewController.swift; sourceTree = "<group>"; };
		848AA7D51E84627E0067637A /* Base */ = {isa = PBXFileReference; lastKnownFileType = file.storyboard; name = Base; path = Base.lproj/Main.storyboard; sourceTree = "<group>"; };
		848AA7D71E84627E0067637A /* Assets.xcassets */ = {isa = PBXFileReference; lastKnownFileType = folder.assetcatalog; path = Assets.xcassets; sourceTree = "<group>"; };
		848AA7DA1E84627E0067637A /* Base */ = {isa = PBXFileReference; lastKnownFileType = file.storyboard; name = Base; path = Base.lproj/LaunchScreen.storyboard; sourceTree = "<group>"; };
		848AA7DC1E84627E0067637A /* Info.plist */ = {isa = PBXFileReference; lastKnownFileType = text.plist.xml; path = Info.plist; sourceTree = "<group>"; };
		848AA7E11E84627E0067637A /* radioTests.xctest */ = {isa = PBXFileReference; explicitFileType = wrapper.cfbundle; includeInIndex = 0; path = radioTests.xctest; sourceTree = BUILT_PRODUCTS_DIR; };
		848AA7E51E84627E0067637A /* radioTests.swift */ = {isa = PBXFileReference; lastKnownFileType = sourcecode.swift; path = radioTests.swift; sourceTree = "<group>"; };
		848AA7E71E84627E0067637A /* Info.plist */ = {isa = PBXFileReference; lastKnownFileType = text.plist.xml; path = Info.plist; sourceTree = "<group>"; };
		848AA7EC1E84627E0067637A /* radioUITests.xctest */ = {isa = PBXFileReference; explicitFileType = wrapper.cfbundle; includeInIndex = 0; path = radioUITests.xctest; sourceTree = BUILT_PRODUCTS_DIR; };
		848AA7F01E84627E0067637A /* radioUITests.swift */ = {isa = PBXFileReference; lastKnownFileType = sourcecode.swift; path = radioUITests.swift; sourceTree = "<group>"; };
		848AA7F21E84627E0067637A /* Info.plist */ = {isa = PBXFileReference; lastKnownFileType = text.plist.xml; path = Info.plist; sourceTree = "<group>"; };
		848AA7FF1E8465760067637A /* AVFoundation.framework */ = {isa = PBXFileReference; lastKnownFileType = wrapper.framework; name = AVFoundation.framework; path = System/Library/Frameworks/AVFoundation.framework; sourceTree = SDKROOT; };
		848AA8011E8467E00067637A /* RadioPlayer.swift */ = {isa = PBXFileReference; fileEncoding = 4; lastKnownFileType = sourcecode.swift; path = RadioPlayer.swift; sourceTree = "<group>"; };
/* End PBXFileReference section */

/* Begin PBXFrameworksBuildPhase section */
		848AA7CA1E84627D0067637A /* Frameworks */ = {
			isa = PBXFrameworksBuildPhase;
			buildActionMask = 2147483647;
			files = (
				848AA8001E8465760067637A /* AVFoundation.framework in Frameworks */,
			);
			runOnlyForDeploymentPostprocessing = 0;
		};
		848AA7DE1E84627E0067637A /* Frameworks */ = {
			isa = PBXFrameworksBuildPhase;
			buildActionMask = 2147483647;
			files = (
			);
			runOnlyForDeploymentPostprocessing = 0;
		};
		848AA7E91E84627E0067637A /* Frameworks */ = {
			isa = PBXFrameworksBuildPhase;
			buildActionMask = 2147483647;
			files = (
			);
			runOnlyForDeploymentPostprocessing = 0;
		};
/* End PBXFrameworksBuildPhase section */

/* Begin PBXGroup section */
		848AA7C41E84627D0067637A = {
			isa = PBXGroup;
			children = (
				848AA7CF1E84627E0067637A /* radio */,
				848AA7E41E84627E0067637A /* radioTests */,
				848AA7EF1E84627E0067637A /* radioUITests */,
				848AA7CE1E84627E0067637A /* Products */,
				848AA7FE1E8465760067637A /* Frameworks */,
			);
			sourceTree = "<group>";
		};
		848AA7CE1E84627E0067637A /* Products */ = {
			isa = PBXGroup;
			children = (
				848AA7CD1E84627E0067637A /* radio.app */,
				848AA7E11E84627E0067637A /* radioTests.xctest */,
				848AA7EC1E84627E0067637A /* radioUITests.xctest */,
			);
			name = Products;
			sourceTree = "<group>";
		};
		848AA7CF1E84627E0067637A /* radio */ = {
			isa = PBXGroup;
			children = (
				848AA7D01E84627E0067637A /* AppDelegate.swift */,
				848AA7D21E84627E0067637A /* ViewController.swift */,
				848AA7D41E84627E0067637A /* Main.storyboard */,
				848AA8011E8467E00067637A /* RadioPlayer.swift */,
				848AA7D71E84627E0067637A /* Assets.xcassets */,
				848AA7D91E84627E0067637A /* LaunchScreen.storyboard */,
				848AA7DC1E84627E0067637A /* Info.plist */,
			);
			path = radio;
			sourceTree = "<group>";
		};
		848AA7E41E84627E0067637A /* radioTests */ = {
			isa = PBXGroup;
			children = (
				848AA7E51E84627E0067637A /* radioTests.swift */,
				848AA7E71E84627E0067637A /* Info.plist */,
			);
			path = radioTests;
			sourceTree = "<group>";
		};
		848AA7EF1E84627E0067637A /* radioUITests */ = {
			isa = PBXGroup;
			children = (
				848AA7F01E84627E0067637A /* radioUITests.swift */,
				848AA7F21E84627E0067637A /* Info.plist */,
			);
			path = radioUITests;
			sourceTree = "<group>";
		};
		848AA7FE1E8465760067637A /* Frameworks */ = {
			isa = PBXGroup;
			children = (
				848AA7FF1E8465760067637A /* AVFoundation.framework */,
			);
			name = Frameworks;
			sourceTree = "<group>";
		};
/* End PBXGroup section */

/* Begin PBXNativeTarget section */
		848AA7CC1E84627D0067637A /* radio */ = {
			isa = PBXNativeTarget;
			buildConfigurationList = 848AA7F51E84627E0067637A /* Build configuration list for PBXNativeTarget "radio" */;
			buildPhases = (
				848AA7C91E84627D0067637A /* Sources */,
				848AA7CA1E84627D0067637A /* Frameworks */,
				848AA7CB1E84627D0067637A /* Resources */,
			);
			buildRules = (
			);
			dependencies = (
			);
			name = radio;
			productName = radio;
			productReference = 848AA7CD1E84627E0067637A /* radio.app */;
			productType = "com.apple.product-type.application";
		};
		848AA7E01E84627E0067637A /* radioTests */ = {
			isa = PBXNativeTarget;
			buildConfigurationList = 848AA7F81E84627E0067637A /* Build configuration list for PBXNativeTarget "radioTests" */;
			buildPhases = (
				848AA7DD1E84627E0067637A /* Sources */,
				848AA7DE1E84627E0067637A /* Frameworks */,
				848AA7DF1E84627E0067637A /* Resources */,
			);
			buildRules = (
			);
			dependencies = (
				848AA7E31E84627E0067637A /* PBXTargetDependency */,
			);
			name = radioTests;
			productName = radioTests;
			productReference = 848AA7E11E84627E0067637A /* radioTests.xctest */;
			productType = "com.apple.product-type.bundle.unit-test";
		};
		848AA7EB1E84627E0067637A /* radioUITests */ = {
			isa = PBXNativeTarget;
			buildConfigurationList = 848AA7FB1E84627E0067637A /* Build configuration list for PBXNativeTarget "radioUITests" */;
			buildPhases = (
				848AA7E81E84627E0067637A /* Sources */,
				848AA7E91E84627E0067637A /* Frameworks */,
				848AA7EA1E84627E0067637A /* Resources */,
			);
			buildRules = (
			);
			dependencies = (
				848AA7EE1E84627E0067637A /* PBXTargetDependency */,
			);
			name = radioUITests;
			productName = radioUITests;
			productReference = 848AA7EC1E84627E0067637A /* radioUITests.xctest */;
			productType = "com.apple.product-type.bundle.ui-testing";
		};
/* End PBXNativeTarget section */

/* Begin PBXProject section */
		848AA7C51E84627D0067637A /* Project object */ = {
			isa = PBXProject;
			attributes = {
				LastSwiftUpdateCheck = 0820;
				LastUpgradeCheck = 0820;
				ORGANIZATIONNAME = freeStudetsProduction;
				TargetAttributes = {
					848AA7CC1E84627D0067637A = {
						CreatedOnToolsVersion = 8.2.1;
						ProvisioningStyle = Automatic;
					};
					848AA7E01E84627E0067637A = {
						CreatedOnToolsVersion = 8.2.1;
						ProvisioningStyle = Automatic;
						TestTargetID = 848AA7CC1E84627D0067637A;
					};
					848AA7EB1E84627E0067637A = {
						CreatedOnToolsVersion = 8.2.1;
						ProvisioningStyle = Automatic;
						TestTargetID = 848AA7CC1E84627D0067637A;
					};
				};
			};
			buildConfigurationList = 848AA7C81E84627D0067637A /* Build configuration list for PBXProject "radio" */;
			compatibilityVersion = "Xcode 3.2";
			developmentRegion = English;
			hasScannedForEncodings = 0;
			knownRegions = (
				en,
				Base,
			);
			mainGroup = 848AA7C41E84627D0067637A;
			productRefGroup = 848AA7CE1E84627E0067637A /* Products */;
			projectDirPath = "";
			projectRoot = "";
			targets = (
				848AA7CC1E84627D0067637A /* radio */,
				848AA7E01E84627E0067637A /* radioTests */,
				848AA7EB1E84627E0067637A /* radioUITests */,
			);
		};
/* End PBXProject section */

/* Begin PBXResourcesBuildPhase section */
		848AA7CB1E84627D0067637A /* Resources */ = {
			isa = PBXResourcesBuildPhase;
			buildActionMask = 2147483647;
			files = (
				848AA7DB1E84627E0067637A /* LaunchScreen.storyboard in Resources */,
				848AA7D81E84627E0067637A /* Assets.xcassets in Resources */,
				848AA7D61E84627E0067637A /* Main.storyboard in Resources */,
			);
			runOnlyForDeploymentPostprocessing = 0;
		};
		848AA7DF1E84627E0067637A /* Resources */ = {
			isa = PBXResourcesBuildPhase;
			buildActionMask = 2147483647;
			files = (
			);
			runOnlyForDeploymentPostprocessing = 0;
		};
		848AA7EA1E84627E0067637A /* Resources */ = {
			isa = PBXResourcesBuildPhase;
			buildActionMask = 2147483647;
			files = (
			);
			runOnlyForDeploymentPostprocessing = 0;
		};
/* End PBXResourcesBuildPhase section */

/* Begin PBXSourcesBuildPhase section */
		848AA7C91E84627D0067637A /* Sources */ = {
			isa = PBXSourcesBuildPhase;
			buildActionMask = 2147483647;
			files = (
				848AA8021E8467E00067637A /* RadioPlayer.swift in Sources */,
				848AA7D31E84627E0067637A /* ViewController.swift in Sources */,
				848AA7D11E84627E0067637A /* AppDelegate.swift in Sources */,
			);
			runOnlyForDeploymentPostprocessing = 0;
		};
		848AA7DD1E84627E0067637A /* Sources */ = {
			isa = PBXSourcesBuildPhase;
			buildActionMask = 2147483647;
			files = (
				848AA7E61E84627E0067637A /* radioTests.swift in Sources */,
			);
			runOnlyForDeploymentPostprocessing = 0;
		};
		848AA7E81E84627E0067637A /* Sources */ = {
			isa = PBXSourcesBuildPhase;
			buildActionMask = 2147483647;
			files = (
				848AA7F11E84627E0067637A /* radioUITests.swift in Sources */,
			);
			runOnlyForDeploymentPostprocessing = 0;
		};
/* End PBXSourcesBuildPhase section */

/* Begin PBXTargetDependency section */
		848AA7E31E84627E0067637A /* PBXTargetDependency */ = {
			isa = PBXTargetDependency;
			target = 848AA7CC1E84627D0067637A /* radio */;
			targetProxy = 848AA7E21E84627E0067637A /* PBXContainerItemProxy */;
		};
		848AA7EE1E84627E0067637A /* PBXTargetDependency */ = {
			isa = PBXTargetDependency;
			target = 848AA7CC1E84627D0067637A /* radio */;
			targetProxy = 848AA7ED1E84627E0067637A /* PBXContainerItemProxy */;
		};
/* End PBXTargetDependency section */

/* Begin PBXVariantGroup section */
		848AA7D41E84627E0067637A /* Main.storyboard */ = {
			isa = PBXVariantGroup;
			children = (
				848AA7D51E84627E0067637A /* Base */,
			);
			name = Main.storyboard;
			sourceTree = "<group>";
		};
		848AA7D91E84627E0067637A /* LaunchScreen.storyboard */ = {
			isa = PBXVariantGroup;
			children = (
				848AA7DA1E84627E0067637A /* Base */,
			);
			name = LaunchScreen.storyboard;
			sourceTree = "<group>";
		};
/* End PBXVariantGroup section */

/* Begin XCBuildConfiguration section */
		848AA7F31E84627E0067637A /* Debug */ = {
			isa = XCBuildConfiguration;
			buildSettings = {
				ALWAYS_SEARCH_USER_PATHS = NO;
				CLANG_ANALYZER_NONNULL = YES;
				CLANG_CXX_LANGUAGE_STANDARD = "gnu++0x";
				CLANG_CXX_LIBRARY = "libc++";
				CLANG_ENABLE_MODULES = YES;
				CLANG_ENABLE_OBJC_ARC = YES;
				CLANG_WARN_BOOL_CONVERSION = YES;
				CLANG_WARN_CONSTANT_CONVERSION = YES;
				CLANG_WARN_DIRECT_OBJC_ISA_USAGE = YES_ERROR;
				CLANG_WARN_DOCUMENTATION_COMMENTS = YES;
				CLANG_WARN_EMPTY_BODY = YES;
				CLANG_WARN_ENUM_CONVERSION = YES;
				CLANG_WARN_INFINITE_RECURSION = YES;
				CLANG_WARN_INT_CONVERSION = YES;
				CLANG_WARN_OBJC_ROOT_CLASS = YES_ERROR;
				CLANG_WARN_SUSPICIOUS_MOVE = YES;
				CLANG_WARN_UNREACHABLE_CODE = YES;
				CLANG_WARN__DUPLICATE_METHOD_MATCH = YES;
				"CODE_SIGN_IDENTITY[sdk=iphoneos*]" = "iPhone Developer";
				COPY_PHASE_STRIP = NO;
				DEBUG_INFORMATION_FORMAT = dwarf;
				ENABLE_STRICT_OBJC_MSGSEND = YES;
				ENABLE_TESTABILITY = YES;
				GCC_C_LANGUAGE_STANDARD = gnu99;
				GCC_DYNAMIC_NO_PIC = NO;
				GCC_NO_COMMON_BLOCKS = YES;
				GCC_OPTIMIZATION_LEVEL = 0;
				GCC_PREPROCESSOR_DEFINITIONS = (
					"DEBUG=1",
					"$(inherited)",
				);
				GCC_WARN_64_TO_32_BIT_CONVERSION = YES;
				GCC_WARN_ABOUT_RETURN_TYPE = YES_ERROR;
				GCC_WARN_UNDECLARED_SELECTOR = YES;
				GCC_WARN_UNINITIALIZED_AUTOS = YES_AGGRESSIVE;
				GCC_WARN_UNUSED_FUNCTION = YES;
				GCC_WARN_UNUSED_VARIABLE = YES;
				IPHONEOS_DEPLOYMENT_TARGET = 10.2;
				MTL_ENABLE_DEBUG_INFO = YES;
				ONLY_ACTIVE_ARCH = YES;
				SDKROOT = iphoneos;
				SWIFT_ACTIVE_COMPILATION_CONDITIONS = DEBUG;
				SWIFT_OPTIMIZATION_LEVEL = "-Onone";
				TARGETED_DEVICE_FAMILY = "1,2";
			};
			name = Debug;
		};
		848AA7F41E84627E0067637A /* Release */ = {
			isa = XCBuildConfiguration;
			buildSettings = {
				ALWAYS_SEARCH_USER_PATHS = NO;
				CLANG_ANALYZER_NONNULL = YES;
				CLANG_CXX_LANGUAGE_STANDARD = "gnu++0x";
				CLANG_CXX_LIBRARY = "libc++";
				CLANG_ENABLE_MODULES = YES;
				CLANG_ENABLE_OBJC_ARC = YES;
				CLANG_WARN_BOOL_CONVERSION = YES;
				CLANG_WARN_CONSTANT_CONVERSION = YES;
				CLANG_WARN_DIRECT_OBJC_ISA_USAGE = YES_ERROR;
				CLANG_WARN_DOCUMENTATION_COMMENTS = YES;
				CLANG_WARN_EMPTY_BODY = YES;
				CLANG_WARN_ENUM_CONVERSION = YES;
				CLANG_WARN_INFINITE_RECURSION = YES;
				CLANG_WARN_INT_CONVERSION = YES;
				CLANG_WARN_OBJC_ROOT_CLASS = YES_ERROR;
				CLANG_WARN_SUSPICIOUS_MOVE = YES;
				CLANG_WARN_UNREACHABLE_CODE = YES;
				CLANG_WARN__DUPLICATE_METHOD_MATCH = YES;
				"CODE_SIGN_IDENTITY[sdk=iphoneos*]" = "iPhone Developer";
				COPY_PHASE_STRIP = NO;
				DEBUG_INFORMATION_FORMAT = "dwarf-with-dsym";
				ENABLE_NS_ASSERTIONS = NO;
				ENABLE_STRICT_OBJC_MSGSEND = YES;
				GCC_C_LANGUAGE_STANDARD = gnu99;
				GCC_NO_COMMON_BLOCKS = YES;
				GCC_WARN_64_TO_32_BIT_CONVERSION = YES;
				GCC_WARN_ABOUT_RETURN_TYPE = YES_ERROR;
				GCC_WARN_UNDECLARED_SELECTOR = YES;
				GCC_WARN_UNINITIALIZED_AUTOS = YES_AGGRESSIVE;
				GCC_WARN_UNUSED_FUNCTION = YES;
				GCC_WARN_UNUSED_VARIABLE = YES;
				IPHONEOS_DEPLOYMENT_TARGET = 10.2;
				MTL_ENABLE_DEBUG_INFO = NO;
				SDKROOT = iphoneos;
				SWIFT_OPTIMIZATION_LEVEL = "-Owholemodule";
				TARGETED_DEVICE_FAMILY = "1,2";
				VALIDATE_PRODUCT = YES;
			};
			name = Release;
		};
		848AA7F61E84627E0067637A /* Debug */ = {
			isa = XCBuildConfiguration;
			buildSettings = {
				ASSETCATALOG_COMPILER_APPICON_NAME = AppIcon;
				INFOPLIST_FILE = radio/Info.plist;
				LD_RUNPATH_SEARCH_PATHS = "$(inherited) @executable_path/Frameworks";
				PRODUCT_BUNDLE_IDENTIFIER = ru.opyat.radio;
				PRODUCT_NAME = "$(TARGET_NAME)";
				SWIFT_VERSION = 3.0;
			};
			name = Debug;
		};
		848AA7F71E84627E0067637A /* Release */ = {
			isa = XCBuildConfiguration;
			buildSettings = {
				ASSETCATALOG_COMPILER_APPICON_NAME = AppIcon;
				INFOPLIST_FILE = radio/Info.plist;
				LD_RUNPATH_SEARCH_PATHS = "$(inherited) @executable_path/Frameworks";
				PRODUCT_BUNDLE_IDENTIFIER = ru.opyat.radio;
				PRODUCT_NAME = "$(TARGET_NAME)";
				SWIFT_VERSION = 3.0;
			};
			name = Release;
		};
		848AA7F91E84627E0067637A /* Debug */ = {
			isa = XCBuildConfiguration;
			buildSettings = {
				ALWAYS_EMBED_SWIFT_STANDARD_LIBRARIES = YES;
				BUNDLE_LOADER = "$(TEST_HOST)";
				INFOPLIST_FILE = radioTests/Info.plist;
				LD_RUNPATH_SEARCH_PATHS = "$(inherited) @executable_path/Frameworks @loader_path/Frameworks";
				PRODUCT_BUNDLE_IDENTIFIER = ru.opyat.radioTests;
				PRODUCT_NAME = "$(TARGET_NAME)";
				SWIFT_VERSION = 3.0;
				TEST_HOST = "$(BUILT_PRODUCTS_DIR)/radio.app/radio";
			};
			name = Debug;
		};
		848AA7FA1E84627E0067637A /* Release */ = {
			isa = XCBuildConfiguration;
			buildSettings = {
				ALWAYS_EMBED_SWIFT_STANDARD_LIBRARIES = YES;
				BUNDLE_LOADER = "$(TEST_HOST)";
				INFOPLIST_FILE = radioTests/Info.plist;
				LD_RUNPATH_SEARCH_PATHS = "$(inherited) @executable_path/Frameworks @loader_path/Frameworks";
				PRODUCT_BUNDLE_IDENTIFIER = ru.opyat.radioTests;
				PRODUCT_NAME = "$(TARGET_NAME)";
				SWIFT_VERSION = 3.0;
				TEST_HOST = "$(BUILT_PRODUCTS_DIR)/radio.app/radio";
			};
			name = Release;
		};
		848AA7FC1E84627E0067637A /* Debug */ = {
			isa = XCBuildConfiguration;
			buildSettings = {
				ALWAYS_EMBED_SWIFT_STANDARD_LIBRARIES = YES;
				INFOPLIST_FILE = radioUITests/Info.plist;
				LD_RUNPATH_SEARCH_PATHS = "$(inherited) @executable_path/Frameworks @loader_path/Frameworks";
				PRODUCT_BUNDLE_IDENTIFIER = ru.opyat.radioUITests;
				PRODUCT_NAME = "$(TARGET_NAME)";
				SWIFT_VERSION = 3.0;
				TEST_TARGET_NAME = radio;
			};
			name = Debug;
		};
		848AA7FD1E84627E0067637A /* Release */ = {
			isa = XCBuildConfiguration;
			buildSettings = {
				ALWAYS_EMBED_SWIFT_STANDARD_LIBRARIES = YES;
				INFOPLIST_FILE = radioUITests/Info.plist;
				LD_RUNPATH_SEARCH_PATHS = "$(inherited) @executable_path/Frameworks @loader_path/Frameworks";
				PRODUCT_BUNDLE_IDENTIFIER = ru.opyat.radioUITests;
				PRODUCT_NAME = "$(TARGET_NAME)";
				SWIFT_VERSION = 3.0;
				TEST_TARGET_NAME = radio;
			};
			name = Release;
		};
/* End XCBuildConfiguration section */

/* Begin XCConfigurationList section */
		848AA7C81E84627D0067637A /* Build configuration list for PBXProject "radio" */ = {
			isa = XCConfigurationList;
			buildConfigurations = (
				848AA7F31E84627E0067637A /* Debug */,
				848AA7F41E84627E0067637A /* Release */,
			);
			defaultConfigurationIsVisible = 0;
			defaultConfigurationName = Release;
		};
		848AA7F51E84627E0067637A /* Build configuration list for PBXNativeTarget "radio" */ = {
			isa = XCConfigurationList;
			buildConfigurations = (
				848AA7F61E84627E0067637A /* Debug */,
				848AA7F71E84627E0067637A /* Release */,
			);
			defaultConfigurationIsVisible = 0;
		};
		848AA7F81E84627E0067637A /* Build configuration list for PBXNativeTarget "radioTests" */ = {
			isa = XCConfigurationList;
			buildConfigurations = (
				848AA7F91E84627E0067637A /* Debug */,
				848AA7FA1E84627E0067637A /* Release */,
			);
			defaultConfigurationIsVisible = 0;
		};
		848AA7FB1E84627E0067637A /* Build configuration list for PBXNativeTarget "radioUITests" */ = {
			isa = XCConfigurationList;
			buildConfigurations = (
				848AA7FC1E84627E0067637A /* Debug */,
				848AA7FD1E84627E0067637A /* Release */,
			);
			defaultConfigurationIsVisible = 0;
		};
/* End XCConfigurationList section */
	};
	rootObject = 848AA7C51E84627D0067637A /* Project object */;
}
